{
  "pins" : [
    {
      "identity" : "skip",
      "kind" : "remoteSourceControl",
      "location" : "https://source.skip.tools/skip.git",
      "state" : {
        "revision" : "21e0fcd537b6a0445cc3241db1d83706a3c4e59d",
        "version" : "1.2.1"
      }
    },
    {
      "identity" : "skip-android-bridge",
      "kind" : "remoteSourceControl",
      "location" : "https://source.skip.tools/skip-android-bridge.git",
      "state" : {
        "revision" : "6107a533e16bd8c4b46dc41d0a23aa593c8c1322",
        "version" : "0.1.1"
      }
    },
    {
      "identity" : "skip-bridge",
      "kind" : "remoteSourceControl",
      "location" : "https://source.skip.tools/skip-bridge.git",
      "state" : {
        "revision" : "bcd8ff6246fd684f30178ada586085a9fa05a5eb",
        "version" : "0.1.1"
      }
    },
    {
      "identity" : "skip-foundation",
      "kind" : "remoteSourceControl",
      "location" : "https://source.skip.tools/skip-foundation.git",
      "state" : {
        "revision" : "77a9460078c3daa95e7fd7833b22585d48d3718e",
        "version" : "1.2.0"
      }
    },
    {
      "identity" : "skip-fuse",
      "kind" : "remoteSourceControl",
      "location" : "https://source.skip.tools/skip-fuse.git",
      "state" : {
        "revision" : "63e691023ef3e33e46c20081d155b42f1bd3c8a5",
        "version" : "0.0.3"
      }
    },
    {
      "identity" : "skip-lib",
      "kind" : "remoteSourceControl",
      "location" : "https://source.skip.tools/skip-lib.git",
      "state" : {
        "revision" : "e290d4d70071f877e3a682023a57d002c4ad7b6d",
        "version" : "1.2.1"
      }
    },
    {
      "identity" : "skip-model",
      "kind" : "remoteSourceControl",
      "location" : "https://source.skip.tools/skip-model.git",
      "state" : {
        "revision" : "d46f808e02ab7ac3b048e2e9499b3dc80cb0d102",
        "version" : "1.3.2"
      }
    },
    {
      "identity" : "skip-unit",
      "kind" : "remoteSourceControl",
      "location" : "https://source.skip.tools/skip-unit.git",
      "state" : {
        "revision" : "025d7240090310caeb5a3bef68ff61e0576ea605",
        "version" : "1.0.1"
      }
    },
    {
      "identity" : "swift-android-native",
      "kind" : "remoteSourceControl",
      "location" : "https://source.skip.tools/swift-android-native.git",
      "state" : {
        "revision" : "1e2d8f4ccaea806d0a47d2136b02ea33a33b0afe",
        "version" : "1.0.1"
      }
    }
  ],
  "version" : 2
}
